// !$*UTF8*$!
{
	archiveVersion = 1;
	classes = {
	};
	objectVersion = 50;
	objects = {

/* Begin PBXBuildFile section */
		74D3A9FB26134F2500CBBCC7 /* AppDetailViewModelProtocol.swift in Sources */ = {isa = PBXBuildFile; fileRef = 74D3A9FA26134F2500CBBCC7 /* AppDetailViewModelProtocol.swift */; };
		74D3A9FF26134F5000CBBCC7 /* AppDetailViewModel.swift in Sources */ = {isa = PBXBuildFile; fileRef = 74D3A9FE26134F5000CBBCC7 /* AppDetailViewModel.swift */; };
		74D3AA07261361B600CBBCC7 /* AppViewModel.swift in Sources */ = {isa = PBXBuildFile; fileRef = 74D3AA06261361B600CBBCC7 /* AppViewModel.swift */; };
		74D3AA0B261372FB00CBBCC7 /* AppTableViewCellViewModelProtocol.swift in Sources */ = {isa = PBXBuildFile; fileRef = 74D3AA0A261372FB00CBBCC7 /* AppTableViewCellViewModelProtocol.swift */; };
		74D3AA0F2613734600CBBCC7 /* AppTableViewCellViewModel.swift in Sources */ = {isa = PBXBuildFile; fileRef = 74D3AA0E2613734600CBBCC7 /* AppTableViewCellViewModel.swift */; };
		74D3AA122613755B00CBBCC7 /* ImageManeger.swift in Sources */ = {isa = PBXBuildFile; fileRef = 74D3AA112613755B00CBBCC7 /* ImageManeger.swift */; };
		74D3AA512614A77000CBBCC7 /* AppViewModelProtocol.swift in Sources */ = {isa = PBXBuildFile; fileRef = 74D3AA502614A77000CBBCC7 /* AppViewModelProtocol.swift */; };
		74D3E844261087630032AC39 /* AppDelegate.swift in Sources */ = {isa = PBXBuildFile; fileRef = 74D3E843261087630032AC39 /* AppDelegate.swift */; };
		74D3E846261087630032AC39 /* SceneDelegate.swift in Sources */ = {isa = PBXBuildFile; fileRef = 74D3E845261087630032AC39 /* SceneDelegate.swift */; };
		74D3E84B261087630032AC39 /* Main.storyboard in Resources */ = {isa = PBXBuildFile; fileRef = 74D3E849261087630032AC39 /* Main.storyboard */; };
		74D3E84D261087650032AC39 /* Assets.xcassets in Resources */ = {isa = PBXBuildFile; fileRef = 74D3E84C261087650032AC39 /* Assets.xcassets */; };
		74D3E850261087650032AC39 /* LaunchScreen.storyboard in Resources */ = {isa = PBXBuildFile; fileRef = 74D3E84E261087650032AC39 /* LaunchScreen.storyboard */; };
		74D3E860261088C30032AC39 /* AppTableViewController.swift in Sources */ = {isa = PBXBuildFile; fileRef = 74D3E85F261088C30032AC39 /* AppTableViewController.swift */; };
		74D3E863261089060032AC39 /* AppDetailViewController.swift in Sources */ = {isa = PBXBuildFile; fileRef = 74D3E862261089060032AC39 /* AppDetailViewController.swift */; };
		74D3E86E2610A7390032AC39 /* AppTableViewCell.swift in Sources */ = {isa = PBXBuildFile; fileRef = 74D3E86D2610A7390032AC39 /* AppTableViewCell.swift */; };
		74D3E8722610A7A90032AC39 /* AppModel.swift in Sources */ = {isa = PBXBuildFile; fileRef = 74D3E8712610A7A90032AC39 /* AppModel.swift */; };
		74D3E8752610B12C0032AC39 /* NetworkManager.swift in Sources */ = {isa = PBXBuildFile; fileRef = 74D3E8742610B12C0032AC39 /* NetworkManager.swift */; };
		74D3E8872611AE6F0032AC39 /* DataManager.swift in Sources */ = {isa = PBXBuildFile; fileRef = 74D3E8862611AE6F0032AC39 /* DataManager.swift */; };
/* End PBXBuildFile section */

/* Begin PBXFileReference section */
		74D3A9FA26134F2500CBBCC7 /* AppDetailViewModelProtocol.swift */ = {isa = PBXFileReference; lastKnownFileType = sourcecode.swift; path = AppDetailViewModelProtocol.swift; sourceTree = "<group>"; };
		74D3A9FE26134F5000CBBCC7 /* AppDetailViewModel.swift */ = {isa = PBXFileReference; lastKnownFileType = sourcecode.swift; path = AppDetailViewModel.swift; sourceTree = "<group>"; };
		74D3AA06261361B600CBBCC7 /* AppViewModel.swift */ = {isa = PBXFileReference; lastKnownFileType = sourcecode.swift; path = AppViewModel.swift; sourceTree = "<group>"; };
		74D3AA0A261372FB00CBBCC7 /* AppTableViewCellViewModelProtocol.swift */ = {isa = PBXFileReference; lastKnownFileType = sourcecode.swift; path = AppTableViewCellViewModelProtocol.swift; sourceTree = "<group>"; };
		74D3AA0E2613734600CBBCC7 /* AppTableViewCellViewModel.swift */ = {isa = PBXFileReference; lastKnownFileType = sourcecode.swift; path = AppTableViewCellViewModel.swift; sourceTree = "<group>"; };
		74D3AA112613755B00CBBCC7 /* ImageManeger.swift */ = {isa = PBXFileReference; lastKnownFileType = sourcecode.swift; path = ImageManeger.swift; sourceTree = "<group>"; };
		74D3AA502614A77000CBBCC7 /* AppViewModelProtocol.swift */ = {isa = PBXFileReference; lastKnownFileType = sourcecode.swift; path = AppViewModelProtocol.swift; sourceTree = "<group>"; };
		74D3E840261087630032AC39 /* AppsRaiting(GIT, MVC, MVVM).app */ = {isa = PBXFileReference; explicitFileType = wrapper.application; includeInIndex = 0; path = "AppsRaiting(GIT, MVC, MVVM).app"; sourceTree = BUILT_PRODUCTS_DIR; };
		74D3E843261087630032AC39 /* AppDelegate.swift */ = {isa = PBXFileReference; lastKnownFileType = sourcecode.swift; path = AppDelegate.swift; sourceTree = "<group>"; };
		74D3E845261087630032AC39 /* SceneDelegate.swift */ = {isa = PBXFileReference; lastKnownFileType = sourcecode.swift; path = SceneDelegate.swift; sourceTree = "<group>"; };
		74D3E84A261087630032AC39 /* Base */ = {isa = PBXFileReference; lastKnownFileType = file.storyboard; name = Base; path = Base.lproj/Main.storyboard; sourceTree = "<group>"; };
		74D3E84C261087650032AC39 /* Assets.xcassets */ = {isa = PBXFileReference; lastKnownFileType = folder.assetcatalog; path = Assets.xcassets; sourceTree = "<group>"; };
		74D3E84F261087650032AC39 /* Base */ = {isa = PBXFileReference; lastKnownFileType = file.storyboard; name = Base; path = Base.lproj/LaunchScreen.storyboard; sourceTree = "<group>"; };
		74D3E851261087650032AC39 /* Info.plist */ = {isa = PBXFileReference; lastKnownFileType = text.plist.xml; path = Info.plist; sourceTree = "<group>"; };
		74D3E85F261088C30032AC39 /* AppTableViewController.swift */ = {isa = PBXFileReference; lastKnownFileType = sourcecode.swift; path = AppTableViewController.swift; sourceTree = "<group>"; };
		74D3E862261089060032AC39 /* AppDetailViewController.swift */ = {isa = PBXFileReference; lastKnownFileType = sourcecode.swift; path = AppDetailViewController.swift; sourceTree = "<group>"; };
		74D3E86D2610A7390032AC39 /* AppTableViewCell.swift */ = {isa = PBXFileReference; lastKnownFileType = sourcecode.swift; path = AppTableViewCell.swift; sourceTree = "<group>"; };
		74D3E8712610A7A90032AC39 /* AppModel.swift */ = {isa = PBXFileReference; lastKnownFileType = sourcecode.swift; path = AppModel.swift; sourceTree = "<group>"; };
		74D3E8742610B12C0032AC39 /* NetworkManager.swift */ = {isa = PBXFileReference; lastKnownFileType = sourcecode.swift; path = NetworkManager.swift; sourceTree = "<group>"; };
		74D3E8862611AE6F0032AC39 /* DataManager.swift */ = {isa = PBXFileReference; lastKnownFileType = sourcecode.swift; path = DataManager.swift; sourceTree = "<group>"; };
/* End PBXFileReference section */

/* Begin PBXFrameworksBuildPhase section */
		74D3E83D261087630032AC39 /* Frameworks */ = {
			isa = PBXFrameworksBuildPhase;
			buildActionMask = 2147483647;
			files = (
			);
			runOnlyForDeploymentPostprocessing = 0;
		};
/* End PBXFrameworksBuildPhase section */

/* Begin PBXGroup section */
		74D3A9F926134EC000CBBCC7 /* AppDetail */ = {
			isa = PBXGroup;
			children = (
				74D3E862261089060032AC39 /* AppDetailViewController.swift */,
				74D3A9FA26134F2500CBBCC7 /* AppDetailViewModelProtocol.swift */,
				74D3A9FE26134F5000CBBCC7 /* AppDetailViewModel.swift */,
			);
			path = AppDetail;
			sourceTree = "<group>";
		};
		74D3AA012613612300CBBCC7 /* App */ = {
			isa = PBXGroup;
			children = (
				74D3E85F261088C30032AC39 /* AppTableViewController.swift */,
				74D3AA502614A77000CBBCC7 /* AppViewModelProtocol.swift */,
				74D3AA06261361B600CBBCC7 /* AppViewModel.swift */,
				74D3AA092613726300CBBCC7 /* AppTableViewCell */,
			);
			path = App;
			sourceTree = "<group>";
		};
		74D3AA092613726300CBBCC7 /* AppTableViewCell */ = {
			isa = PBXGroup;
			children = (
				74D3E86D2610A7390032AC39 /* AppTableViewCell.swift */,
				74D3AA0A261372FB00CBBCC7 /* AppTableViewCellViewModelProtocol.swift */,
				74D3AA0E2613734600CBBCC7 /* AppTableViewCellViewModel.swift */,
			);
			path = AppTableViewCell;
			sourceTree = "<group>";
		};
		74D3E837261087630032AC39 = {
			isa = PBXGroup;
			children = (
				74D3E842261087630032AC39 /* AppsRaiting(GIT, MVC, MVVM) */,
				74D3E841261087630032AC39 /* Products */,
			);
			sourceTree = "<group>";
		};
		74D3E841261087630032AC39 /* Products */ = {
			isa = PBXGroup;
			children = (
				74D3E840261087630032AC39 /* AppsRaiting(GIT, MVC, MVVM).app */,
			);
			name = Products;
			sourceTree = "<group>";
		};
		74D3E842261087630032AC39 /* AppsRaiting(GIT, MVC, MVVM) */ = {
			isa = PBXGroup;
			children = (
				74D3AA012613612300CBBCC7 /* App */,
				74D3A9F926134EC000CBBCC7 /* AppDetail */,
				74D3E8672610A5F20032AC39 /* Models */,
				74D3E8682610A6090032AC39 /* Views */,
				74D3E8692610A6270032AC39 /* Services */,
				74D3E86B2610A6520032AC39 /* Supporting Files */,
				74D3E86C2610A6740032AC39 /* Resources */,
			);
			path = "AppsRaiting(GIT, MVC, MVVM)";
			sourceTree = "<group>";
		};
		74D3E8672610A5F20032AC39 /* Models */ = {
			isa = PBXGroup;
			children = (
				74D3E8712610A7A90032AC39 /* AppModel.swift */,
			);
			path = Models;
			sourceTree = "<group>";
		};
		74D3E8682610A6090032AC39 /* Views */ = {
			isa = PBXGroup;
			children = (
				74D3E849261087630032AC39 /* Main.storyboard */,
				74D3E84E261087650032AC39 /* LaunchScreen.storyboard */,
			);
			path = Views;
			sourceTree = "<group>";
		};
		74D3E8692610A6270032AC39 /* Services */ = {
			isa = PBXGroup;
			children = (
				74D3E8742610B12C0032AC39 /* NetworkManager.swift */,
				74D3E8862611AE6F0032AC39 /* DataManager.swift */,
				74D3AA112613755B00CBBCC7 /* ImageManeger.swift */,
			);
			path = Services;
			sourceTree = "<group>";
		};
		74D3E86B2610A6520032AC39 /* Supporting Files */ = {
			isa = PBXGroup;
			children = (
				74D3E843261087630032AC39 /* AppDelegate.swift */,
				74D3E845261087630032AC39 /* SceneDelegate.swift */,
				74D3E851261087650032AC39 /* Info.plist */,
			);
			path = "Supporting Files";
			sourceTree = "<group>";
		};
		74D3E86C2610A6740032AC39 /* Resources */ = {
			isa = PBXGroup;
			children = (
				74D3E84C261087650032AC39 /* Assets.xcassets */,
			);
			path = Resources;
			sourceTree = "<group>";
		};
/* End PBXGroup section */

/* Begin PBXNativeTarget section */
		74D3E83F261087630032AC39 /* AppsRaiting(GIT, MVC, MVVM) */ = {
			isa = PBXNativeTarget;
			buildConfigurationList = 74D3E854261087650032AC39 /* Build configuration list for PBXNativeTarget "AppsRaiting(GIT, MVC, MVVM)" */;
			buildPhases = (
				74D3E83C261087630032AC39 /* Sources */,
				74D3E83D261087630032AC39 /* Frameworks */,
				74D3E83E261087630032AC39 /* Resources */,
			);
			buildRules = (
			);
			dependencies = (
			);
			name = "AppsRaiting(GIT, MVC, MVVM)";
			productName = "AppsRating(GIT, MVC, MVVM)";
			productReference = 74D3E840261087630032AC39 /* AppsRaiting(GIT, MVC, MVVM).app */;
			productType = "com.apple.product-type.application";
		};
/* End PBXNativeTarget section */

/* Begin PBXProject section */
		74D3E838261087630032AC39 /* Project object */ = {
			isa = PBXProject;
			attributes = {
				LastSwiftUpdateCheck = 1240;
				LastUpgradeCheck = 1240;
				TargetAttributes = {
					74D3E83F261087630032AC39 = {
						CreatedOnToolsVersion = 12.4;
					};
				};
			};
			buildConfigurationList = 74D3E83B261087630032AC39 /* Build configuration list for PBXProject "AppsRaiting(GIT, MVC, MVVM)" */;
			compatibilityVersion = "Xcode 9.3";
			developmentRegion = en;
			hasScannedForEncodings = 0;
			knownRegions = (
				en,
				Base,
			);
			mainGroup = 74D3E837261087630032AC39;
			productRefGroup = 74D3E841261087630032AC39 /* Products */;
			projectDirPath = "";
			projectRoot = "";
			targets = (
				74D3E83F261087630032AC39 /* AppsRaiting(GIT, MVC, MVVM) */,
			);
		};
/* End PBXProject section */

/* Begin PBXResourcesBuildPhase section */
		74D3E83E261087630032AC39 /* Resources */ = {
			isa = PBXResourcesBuildPhase;
			buildActionMask = 2147483647;
			files = (
				74D3E850261087650032AC39 /* LaunchScreen.storyboard in Resources */,
				74D3E84D261087650032AC39 /* Assets.xcassets in Resources */,
				74D3E84B261087630032AC39 /* Main.storyboard in Resources */,
			);
			runOnlyForDeploymentPostprocessing = 0;
		};
/* End PBXResourcesBuildPhase section */

/* Begin PBXSourcesBuildPhase section */
		74D3E83C261087630032AC39 /* Sources */ = {
			isa = PBXSourcesBuildPhase;
			buildActionMask = 2147483647;
			files = (
				74D3A9FB26134F2500CBBCC7 /* AppDetailViewModelProtocol.swift in Sources */,
				74D3AA512614A77000CBBCC7 /* AppViewModelProtocol.swift in Sources */,
				74D3AA122613755B00CBBCC7 /* ImageManeger.swift in Sources */,
				74D3AA07261361B600CBBCC7 /* AppViewModel.swift in Sources */,
				74D3E860261088C30032AC39 /* AppTableViewController.swift in Sources */,
				74D3E8872611AE6F0032AC39 /* DataManager.swift in Sources */,
				74D3A9FF26134F5000CBBCC7 /* AppDetailViewModel.swift in Sources */,
				74D3AA0F2613734600CBBCC7 /* AppTableViewCellViewModel.swift in Sources */,
				74D3E8722610A7A90032AC39 /* AppModel.swift in Sources */,
				74D3E86E2610A7390032AC39 /* AppTableViewCell.swift in Sources */,
				74D3E8752610B12C0032AC39 /* NetworkManager.swift in Sources */,
				74D3AA0B261372FB00CBBCC7 /* AppTableViewCellViewModelProtocol.swift in Sources */,
				74D3E844261087630032AC39 /* AppDelegate.swift in Sources */,
				74D3E846261087630032AC39 /* SceneDelegate.swift in Sources */,
				74D3E863261089060032AC39 /* AppDetailViewController.swift in Sources */,
			);
			runOnlyForDeploymentPostprocessing = 0;
		};
/* End PBXSourcesBuildPhase section */

/* Begin PBXVariantGroup section */
		74D3E849261087630032AC39 /* Main.storyboard */ = {
			isa = PBXVariantGroup;
			children = (
				74D3E84A261087630032AC39 /* Base */,
			);
			name = Main.storyboard;
			sourceTree = "<group>";
		};
		74D3E84E261087650032AC39 /* LaunchScreen.storyboard */ = {
			isa = PBXVariantGroup;
			children = (
				74D3E84F261087650032AC39 /* Base */,
			);
			name = LaunchScreen.storyboard;
			sourceTree = "<group>";
		};
/* End PBXVariantGroup section */

/* Begin XCBuildConfiguration section */
		74D3E852261087650032AC39 /* Debug */ = {
			isa = XCBuildConfiguration;
			buildSettings = {
				ALWAYS_SEARCH_USER_PATHS = NO;
				CLANG_ANALYZER_NONNULL = YES;
				CLANG_ANALYZER_NUMBER_OBJECT_CONVERSION = YES_AGGRESSIVE;
				CLANG_CXX_LANGUAGE_STANDARD = "gnu++14";
				CLANG_CXX_LIBRARY = "libc++";
				CLANG_ENABLE_MODULES = YES;
				CLANG_ENABLE_OBJC_ARC = YES;
				CLANG_ENABLE_OBJC_WEAK = YES;
				CLANG_WARN_BLOCK_CAPTURE_AUTORELEASING = YES;
				CLANG_WARN_BOOL_CONVERSION = YES;
				CLANG_WARN_COMMA = YES;
				CLANG_WARN_CONSTANT_CONVERSION = YES;
				CLANG_WARN_DEPRECATED_OBJC_IMPLEMENTATIONS = YES;
				CLANG_WARN_DIRECT_OBJC_ISA_USAGE = YES_ERROR;
				CLANG_WARN_DOCUMENTATION_COMMENTS = YES;
				CLANG_WARN_EMPTY_BODY = YES;
				CLANG_WARN_ENUM_CONVERSION = YES;
				CLANG_WARN_INFINITE_RECURSION = YES;
				CLANG_WARN_INT_CONVERSION = YES;
				CLANG_WARN_NON_LITERAL_NULL_CONVERSION = YES;
				CLANG_WARN_OBJC_IMPLICIT_RETAIN_SELF = YES;
				CLANG_WARN_OBJC_LITERAL_CONVERSION = YES;
				CLANG_WARN_OBJC_ROOT_CLASS = YES_ERROR;
				CLANG_WARN_QUOTED_INCLUDE_IN_FRAMEWORK_HEADER = YES;
				CLANG_WARN_RANGE_LOOP_ANALYSIS = YES;
				CLANG_WARN_STRICT_PROTOTYPES = YES;
				CLANG_WARN_SUSPICIOUS_MOVE = YES;
				CLANG_WARN_UNGUARDED_AVAILABILITY = YES_AGGRESSIVE;
				CLANG_WARN_UNREACHABLE_CODE = YES;
				CLANG_WARN__DUPLICATE_METHOD_MATCH = YES;
				COPY_PHASE_STRIP = NO;
				DEBUG_INFORMATION_FORMAT = dwarf;
				ENABLE_STRICT_OBJC_MSGSEND = YES;
				ENABLE_TESTABILITY = YES;
				GCC_C_LANGUAGE_STANDARD = gnu11;
				GCC_DYNAMIC_NO_PIC = NO;
				GCC_NO_COMMON_BLOCKS = YES;
				GCC_OPTIMIZATION_LEVEL = 0;
				GCC_PREPROCESSOR_DEFINITIONS = (
					"DEBUG=1",
					"$(inherited)",
				);
				GCC_WARN_64_TO_32_BIT_CONVERSION = YES;
				GCC_WARN_ABOUT_RETURN_TYPE = YES_ERROR;
				GCC_WARN_UNDECLARED_SELECTOR = YES;
				GCC_WARN_UNINITIALIZED_AUTOS = YES_AGGRESSIVE;
				GCC_WARN_UNUSED_FUNCTION = YES;
				GCC_WARN_UNUSED_VARIABLE = YES;
				IPHONEOS_DEPLOYMENT_TARGET = 14.4;
				MTL_ENABLE_DEBUG_INFO = INCLUDE_SOURCE;
				MTL_FAST_MATH = YES;
				ONLY_ACTIVE_ARCH = YES;
				SDKROOT = iphoneos;
				SWIFT_ACTIVE_COMPILATION_CONDITIONS = DEBUG;
				SWIFT_OPTIMIZATION_LEVEL = "-Onone";
			};
			name = Debug;
		};
		74D3E853261087650032AC39 /* Release */ = {
			isa = XCBuildConfiguration;
			buildSettings = {
				ALWAYS_SEARCH_USER_PATHS = NO;
				CLANG_ANALYZER_NONNULL = YES;
				CLANG_ANALYZER_NUMBER_OBJECT_CONVERSION = YES_AGGRESSIVE;
				CLANG_CXX_LANGUAGE_STANDARD = "gnu++14";
				CLANG_CXX_LIBRARY = "libc++";
				CLANG_ENABLE_MODULES = YES;
				CLANG_ENABLE_OBJC_ARC = YES;
				CLANG_ENABLE_OBJC_WEAK = YES;
				CLANG_WARN_BLOCK_CAPTURE_AUTORELEASING = YES;
				CLANG_WARN_BOOL_CONVERSION = YES;
				CLANG_WARN_COMMA = YES;
				CLANG_WARN_CONSTANT_CONVERSION = YES;
				CLANG_WARN_DEPRECATED_OBJC_IMPLEMENTATIONS = YES;
				CLANG_WARN_DIRECT_OBJC_ISA_USAGE = YES_ERROR;
				CLANG_WARN_DOCUMENTATION_COMMENTS = YES;
				CLANG_WARN_EMPTY_BODY = YES;
				CLANG_WARN_ENUM_CONVERSION = YES;
				CLANG_WARN_INFINITE_RECURSION = YES;
				CLANG_WARN_INT_CONVERSION = YES;
				CLANG_WARN_NON_LITERAL_NULL_CONVERSION = YES;
				CLANG_WARN_OBJC_IMPLICIT_RETAIN_SELF = YES;
				CLANG_WARN_OBJC_LITERAL_CONVERSION = YES;
				CLANG_WARN_OBJC_ROOT_CLASS = YES_ERROR;
				CLANG_WARN_QUOTED_INCLUDE_IN_FRAMEWORK_HEADER = YES;
				CLANG_WARN_RANGE_LOOP_ANALYSIS = YES;
				CLANG_WARN_STRICT_PROTOTYPES = YES;
				CLANG_WARN_SUSPICIOUS_MOVE = YES;
				CLANG_WARN_UNGUARDED_AVAILABILITY = YES_AGGRESSIVE;
				CLANG_WARN_UNREACHABLE_CODE = YES;
				CLANG_WARN__DUPLICATE_METHOD_MATCH = YES;
				COPY_PHASE_STRIP = NO;
				DEBUG_INFORMATION_FORMAT = "dwarf-with-dsym";
				ENABLE_NS_ASSERTIONS = NO;
				ENABLE_STRICT_OBJC_MSGSEND = YES;
				GCC_C_LANGUAGE_STANDARD = gnu11;
				GCC_NO_COMMON_BLOCKS = YES;
				GCC_WARN_64_TO_32_BIT_CONVERSION = YES;
				GCC_WARN_ABOUT_RETURN_TYPE = YES_ERROR;
				GCC_WARN_UNDECLARED_SELECTOR = YES;
				GCC_WARN_UNINITIALIZED_AUTOS = YES_AGGRESSIVE;
				GCC_WARN_UNUSED_FUNCTION = YES;
				GCC_WARN_UNUSED_VARIABLE = YES;
				IPHONEOS_DEPLOYMENT_TARGET = 14.4;
				MTL_ENABLE_DEBUG_INFO = NO;
				MTL_FAST_MATH = YES;
				SDKROOT = iphoneos;
				SWIFT_COMPILATION_MODE = wholemodule;
				SWIFT_OPTIMIZATION_LEVEL = "-O";
				VALIDATE_PRODUCT = YES;
			};
			name = Release;
		};
		74D3E855261087650032AC39 /* Debug */ = {
			isa = XCBuildConfiguration;
			buildSettings = {
				ASSETCATALOG_COMPILER_APPICON_NAME = AppIcon;
				ASSETCATALOG_COMPILER_GLOBAL_ACCENT_COLOR_NAME = AccentColor;
				CODE_SIGN_STYLE = Automatic;
				DEVELOPMENT_TEAM = 9FX9R88448;
				INFOPLIST_FILE = "$(SRCROOT)/AppsRaiting(GIT, MVC, MVVM)/Supporting Files/Info.plist";
				IPHONEOS_DEPLOYMENT_TARGET = 13.0;
				LD_RUNPATH_SEARCH_PATHS = (
					"$(inherited)",
					"@executable_path/Frameworks",
				);
				PRODUCT_BUNDLE_IDENTIFIER = "com.istomin.mikhail.91.AppsRating-GIT--MVC--MVVM-";
				PRODUCT_NAME = "$(TARGET_NAME)";
				SWIFT_VERSION = 5.0;
				TARGETED_DEVICE_FAMILY = 1;
			};
			name = Debug;
		};
		74D3E856261087650032AC39 /* Release */ = {
			isa = XCBuildConfiguration;
			buildSettings = {
				ASSETCATALOG_COMPILER_APPICON_NAME = AppIcon;
				ASSETCATALOG_COMPILER_GLOBAL_ACCENT_COLOR_NAME = AccentColor;
				CODE_SIGN_STYLE = Automatic;
				DEVELOPMENT_TEAM = 9FX9R88448;
				INFOPLIST_FILE = "$(SRCROOT)/AppsRaiting(GIT, MVC, MVVM)/Supporting Files/Info.plist";
				IPHONEOS_DEPLOYMENT_TARGET = 13.0;
				LD_RUNPATH_SEARCH_PATHS = (
					"$(inherited)",
					"@executable_path/Frameworks",
				);
				PRODUCT_BUNDLE_IDENTIFIER = "com.istomin.mikhail.91.AppsRating-GIT--MVC--MVVM-";
				PRODUCT_NAME = "$(TARGET_NAME)";
				SWIFT_VERSION = 5.0;
				TARGETED_DEVICE_FAMILY = 1;
			};
			name = Release;
		};
/* End XCBuildConfiguration section */

/* Begin XCConfigurationList section */
		74D3E83B261087630032AC39 /* Build configuration list for PBXProject "AppsRaiting(GIT, MVC, MVVM)" */ = {
			isa = XCConfigurationList;
			buildConfigurations = (
				74D3E852261087650032AC39 /* Debug */,
				74D3E853261087650032AC39 /* Release */,
			);
			defaultConfigurationIsVisible = 0;
			defaultConfigurationName = Release;
		};
		74D3E854261087650032AC39 /* Build configuration list for PBXNativeTarget "AppsRaiting(GIT, MVC, MVVM)" */ = {
			isa = XCConfigurationList;
			buildConfigurations = (
				74D3E855261087650032AC39 /* Debug */,
				74D3E856261087650032AC39 /* Release */,
			);
			defaultConfigurationIsVisible = 0;
			defaultConfigurationName = Release;
		};
/* End XCConfigurationList section */
	};
	rootObject = 74D3E838261087630032AC39 /* Project object */;
}
